
Microsoft Visual Studio Solution File, Format Version 12.00
# Visual Studio 15
VisualStudioVersion = 15.0.28307.572
MinimumVisualStudioVersion = 10.0.40219.1
Project("{FAE04EC0-301F-11D3-BF4B-00C04F79EFBC}") = "Learn", "Learn\Learn.csproj", "{42F21200-C0FD-4838-A457-F9F3E482E697}"
EndProject
Global
	GlobalSection(SolutionConfigurationPlatforms) = preSolution
		Debug|Any CPU = Debug|Any CPU
		Release|Any CPU = Release|Any CPU
	EndGlobalSection
	GlobalSection(ProjectConfigurationPlatforms) = postSolution
		{42F21200-C0FD-4838-A457-F9F3E482E697}.Debug|Any CPU.ActiveCfg = Debug|Any CPU
		{42F21200-C0FD-4838-A457-F9F3E482E697}.Debug|Any CPU.Build.0 = Debug|Any CPU
		{42F21200-C0FD-4838-A457-F9F3E482E697}.Release|Any CPU.ActiveCfg = Release|Any CPU
		{42F21200-C0FD-4838-A457-F9F3E482E697}.Release|Any CPU.Build.0 = Release|Any CPU
	EndGlobalSection
	GlobalSection(SolutionProperties) = preSolution
		HideSolutionNode = FALSE
	EndGlobalSection
	GlobalSection(ExtensibilityGlobals) = postSolution
		SolutionGuid = {FA40773B-FB78-443A-86F1-ACBDB10FDB41}
	EndGlobalSection
EndGlobal
